
Microsoft Visual Studio Solution File, Format Version 12.00
# Visual Studio Version 17
VisualStudioVersion = 17.5.33516.290
MinimumVisualStudioVersion = 10.0.40219.1
Project("{FAE04EC0-301F-11D3-BF4B-00C04F79EFBC}") = "MatchGame", "MatchGame.csproj", "{3A04BD92-FCD8-48E3-B762-F1A63368311B}"
EndProject
Global
	GlobalSection(SolutionConfigurationPlatforms) = preSolution
		Debug|Any CPU = Debug|Any CPU
		Release|Any CPU = Release|Any CPU
	EndGlobalSection
	GlobalSection(ProjectConfigurationPlatforms) = postSolution
		{3A04BD92-FCD8-48E3-B762-F1A63368311B}.Debug|Any CPU.ActiveCfg = Debug|Any CPU
		{3A04BD92-FCD8-48E3-B762-F1A63368311B}.Debug|Any CPU.Build.0 = Debug|Any CPU
		{3A04BD92-FCD8-48E3-B762-F1A63368311B}.Release|Any CPU.ActiveCfg = Release|Any CPU
		{3A04BD92-FCD8-48E3-B762-F1A63368311B}.Release|Any CPU.Build.0 = Release|Any CPU
	EndGlobalSection
	GlobalSection(SolutionProperties) = preSolution
		HideSolutionNode = FALSE
	EndGlobalSection
	GlobalSection(ExtensibilityGlobals) = postSolution
		SolutionGuid = {4C97BE66-C9AA-4114-B4CC-B13DFE7FBC0E}
	EndGlobalSection
EndGlobal
